// !$*UTF8*$!
{
	archiveVersion = 1;
	classes = {
	};
	objectVersion = 50;
	objects = {

/* Begin PBXBuildFile section */
		37512A91270D9112002AC6BC /* AppDelegate.swift in Sources */ = {isa = PBXBuildFile; fileRef = 37512A90270D9112002AC6BC /* AppDelegate.swift */; };
		37512A93270D9112002AC6BC /* SceneDelegate.swift in Sources */ = {isa = PBXBuildFile; fileRef = 37512A92270D9112002AC6BC /* SceneDelegate.swift */; };
		37512A95270D9112002AC6BC /* ViewController.swift in Sources */ = {isa = PBXBuildFile; fileRef = 37512A94270D9112002AC6BC /* ViewController.swift */; };
		37512A98270D9112002AC6BC /* Main.storyboard in Resources */ = {isa = PBXBuildFile; fileRef = 37512A96270D9112002AC6BC /* Main.storyboard */; };
		37512A9A270D911E002AC6BC /* Assets.xcassets in Resources */ = {isa = PBXBuildFile; fileRef = 37512A99270D911E002AC6BC /* Assets.xcassets */; };
		37512A9D270D911E002AC6BC /* LaunchScreen.storyboard in Resources */ = {isa = PBXBuildFile; fileRef = 37512A9B270D911E002AC6BC /* LaunchScreen.storyboard */; };
		37512AA8270D911E002AC6BC /* Calkulator_PSPTTests.swift in Sources */ = {isa = PBXBuildFile; fileRef = 37512AA7270D911E002AC6BC /* Calkulator_PSPTTests.swift */; };
		37512AB3270D911E002AC6BC /* Calkulator_PSPTUITests.swift in Sources */ = {isa = PBXBuildFile; fileRef = 37512AB2270D911E002AC6BC /* Calkulator_PSPTUITests.swift */; };
/* End PBXBuildFile section */

/* Begin PBXContainerItemProxy section */
		37512AA4270D911E002AC6BC /* PBXContainerItemProxy */ = {
			isa = PBXContainerItemProxy;
			containerPortal = 37512A85270D9112002AC6BC /* Project object */;
			proxyType = 1;
			remoteGlobalIDString = 37512A8C270D9112002AC6BC;
			remoteInfo = "Calkulator PSPT";
		};
		37512AAF270D911E002AC6BC /* PBXContainerItemProxy */ = {
			isa = PBXContainerItemProxy;
			containerPortal = 37512A85270D9112002AC6BC /* Project object */;
			proxyType = 1;
			remoteGlobalIDString = 37512A8C270D9112002AC6BC;
			remoteInfo = "Calkulator PSPT";
		};
/* End PBXContainerItemProxy section */

/* Begin PBXFileReference section */
		37512A8D270D9112002AC6BC /* Calkulator PSPT.app */ = {isa = PBXFileReference; explicitFileType = wrapper.application; includeInIndex = 0; path = "Calkulator PSPT.app"; sourceTree = BUILT_PRODUCTS_DIR; };
		37512A90270D9112002AC6BC /* AppDelegate.swift */ = {isa = PBXFileReference; lastKnownFileType = sourcecode.swift; path = AppDelegate.swift; sourceTree = "<group>"; };
		37512A92270D9112002AC6BC /* SceneDelegate.swift */ = {isa = PBXFileReference; lastKnownFileType = sourcecode.swift; path = SceneDelegate.swift; sourceTree = "<group>"; };
		37512A94270D9112002AC6BC /* ViewController.swift */ = {isa = PBXFileReference; lastKnownFileType = sourcecode.swift; path = ViewController.swift; sourceTree = "<group>"; };
		37512A97270D9112002AC6BC /* Base */ = {isa = PBXFileReference; lastKnownFileType = file.storyboard; name = Base; path = Base.lproj/Main.storyboard; sourceTree = "<group>"; };
		37512A99270D911E002AC6BC /* Assets.xcassets */ = {isa = PBXFileReference; lastKnownFileType = folder.assetcatalog; path = Assets.xcassets; sourceTree = "<group>"; };
		37512A9C270D911E002AC6BC /* Base */ = {isa = PBXFileReference; lastKnownFileType = file.storyboard; name = Base; path = Base.lproj/LaunchScreen.storyboard; sourceTree = "<group>"; };
		37512A9E270D911E002AC6BC /* Info.plist */ = {isa = PBXFileReference; lastKnownFileType = text.plist.xml; path = Info.plist; sourceTree = "<group>"; };
		37512AA3270D911E002AC6BC /* Calkulator PSPTTests.xctest */ = {isa = PBXFileReference; explicitFileType = wrapper.cfbundle; includeInIndex = 0; path = "Calkulator PSPTTests.xctest"; sourceTree = BUILT_PRODUCTS_DIR; };
		37512AA7270D911E002AC6BC /* Calkulator_PSPTTests.swift */ = {isa = PBXFileReference; lastKnownFileType = sourcecode.swift; path = Calkulator_PSPTTests.swift; sourceTree = "<group>"; };
		37512AA9270D911E002AC6BC /* Info.plist */ = {isa = PBXFileReference; lastKnownFileType = text.plist.xml; path = Info.plist; sourceTree = "<group>"; };
		37512AAE270D911E002AC6BC /* Calkulator PSPTUITests.xctest */ = {isa = PBXFileReference; explicitFileType = wrapper.cfbundle; includeInIndex = 0; path = "Calkulator PSPTUITests.xctest"; sourceTree = BUILT_PRODUCTS_DIR; };
		37512AB2270D911E002AC6BC /* Calkulator_PSPTUITests.swift */ = {isa = PBXFileReference; lastKnownFileType = sourcecode.swift; path = Calkulator_PSPTUITests.swift; sourceTree = "<group>"; };
		37512AB4270D911E002AC6BC /* Info.plist */ = {isa = PBXFileReference; lastKnownFileType = text.plist.xml; path = Info.plist; sourceTree = "<group>"; };
/* End PBXFileReference section */

/* Begin PBXFrameworksBuildPhase section */
		37512A8A270D9112002AC6BC /* Frameworks */ = {
			isa = PBXFrameworksBuildPhase;
			buildActionMask = 2147483647;
			files = (
			);
			runOnlyForDeploymentPostprocessing = 0;
		};
		37512AA0270D911E002AC6BC /* Frameworks */ = {
			isa = PBXFrameworksBuildPhase;
			buildActionMask = 2147483647;
			files = (
			);
			runOnlyForDeploymentPostprocessing = 0;
		};
		37512AAB270D911E002AC6BC /* Frameworks */ = {
			isa = PBXFrameworksBuildPhase;
			buildActionMask = 2147483647;
			files = (
			);
			runOnlyForDeploymentPostprocessing = 0;
		};
/* End PBXFrameworksBuildPhase section */

/* Begin PBXGroup section */
		37512A84270D9112002AC6BC = {
			isa = PBXGroup;
			children = (
				37512A8F270D9112002AC6BC /* Calkulator PSPT */,
				37512AA6270D911E002AC6BC /* Calkulator PSPTTests */,
				37512AB1270D911E002AC6BC /* Calkulator PSPTUITests */,
				37512A8E270D9112002AC6BC /* Products */,
			);
			sourceTree = "<group>";
		};
		37512A8E270D9112002AC6BC /* Products */ = {
			isa = PBXGroup;
			children = (
				37512A8D270D9112002AC6BC /* Calkulator PSPT.app */,
				37512AA3270D911E002AC6BC /* Calkulator PSPTTests.xctest */,
				37512AAE270D911E002AC6BC /* Calkulator PSPTUITests.xctest */,
			);
			name = Products;
			sourceTree = "<group>";
		};
		37512A8F270D9112002AC6BC /* Calkulator PSPT */ = {
			isa = PBXGroup;
			children = (
				37512A90270D9112002AC6BC /* AppDelegate.swift */,
				37512A92270D9112002AC6BC /* SceneDelegate.swift */,
				37512A94270D9112002AC6BC /* ViewController.swift */,
				37512A96270D9112002AC6BC /* Main.storyboard */,
				37512A99270D911E002AC6BC /* Assets.xcassets */,
				37512A9B270D911E002AC6BC /* LaunchScreen.storyboard */,
				37512A9E270D911E002AC6BC /* Info.plist */,
			);
			path = "Calkulator PSPT";
			sourceTree = "<group>";
		};
		37512AA6270D911E002AC6BC /* Calkulator PSPTTests */ = {
			isa = PBXGroup;
			children = (
				37512AA7270D911E002AC6BC /* Calkulator_PSPTTests.swift */,
				37512AA9270D911E002AC6BC /* Info.plist */,
			);
			path = "Calkulator PSPTTests";
			sourceTree = "<group>";
		};
		37512AB1270D911E002AC6BC /* Calkulator PSPTUITests */ = {
			isa = PBXGroup;
			children = (
				37512AB2270D911E002AC6BC /* Calkulator_PSPTUITests.swift */,
				37512AB4270D911E002AC6BC /* Info.plist */,
			);
			path = "Calkulator PSPTUITests";
			sourceTree = "<group>";
		};
/* End PBXGroup section */

/* Begin PBXNativeTarget section */
		37512A8C270D9112002AC6BC /* Calkulator PSPT */ = {
			isa = PBXNativeTarget;
			buildConfigurationList = 37512AB7270D911E002AC6BC /* Build configuration list for PBXNativeTarget "Calkulator PSPT" */;
			buildPhases = (
				37512A89270D9112002AC6BC /* Sources */,
				37512A8A270D9112002AC6BC /* Frameworks */,
				37512A8B270D9112002AC6BC /* Resources */,
			);
			buildRules = (
			);
			dependencies = (
			);
			name = "Calkulator PSPT";
			productName = "Calkulator PSPT";
			productReference = 37512A8D270D9112002AC6BC /* Calkulator PSPT.app */;
			productType = "com.apple.product-type.application";
		};
		37512AA2270D911E002AC6BC /* Calkulator PSPTTests */ = {
			isa = PBXNativeTarget;
			buildConfigurationList = 37512ABA270D911E002AC6BC /* Build configuration list for PBXNativeTarget "Calkulator PSPTTests" */;
			buildPhases = (
				37512A9F270D911E002AC6BC /* Sources */,
				37512AA0270D911E002AC6BC /* Frameworks */,
				37512AA1270D911E002AC6BC /* Resources */,
			);
			buildRules = (
			);
			dependencies = (
				37512AA5270D911E002AC6BC /* PBXTargetDependency */,
			);
			name = "Calkulator PSPTTests";
			productName = "Calkulator PSPTTests";
			productReference = 37512AA3270D911E002AC6BC /* Calkulator PSPTTests.xctest */;
			productType = "com.apple.product-type.bundle.unit-test";
		};
		37512AAD270D911E002AC6BC /* Calkulator PSPTUITests */ = {
			isa = PBXNativeTarget;
			buildConfigurationList = 37512ABD270D911E002AC6BC /* Build configuration list for PBXNativeTarget "Calkulator PSPTUITests" */;
			buildPhases = (
				37512AAA270D911E002AC6BC /* Sources */,
				37512AAB270D911E002AC6BC /* Frameworks */,
				37512AAC270D911E002AC6BC /* Resources */,
			);
			buildRules = (
			);
			dependencies = (
				37512AB0270D911E002AC6BC /* PBXTargetDependency */,
			);
			name = "Calkulator PSPTUITests";
			productName = "Calkulator PSPTUITests";
			productReference = 37512AAE270D911E002AC6BC /* Calkulator PSPTUITests.xctest */;
			productType = "com.apple.product-type.bundle.ui-testing";
		};
/* End PBXNativeTarget section */

/* Begin PBXProject section */
		37512A85270D9112002AC6BC /* Project object */ = {
			isa = PBXProject;
			attributes = {
				LastSwiftUpdateCheck = 1230;
				LastUpgradeCheck = 1230;
				TargetAttributes = {
					37512A8C270D9112002AC6BC = {
						CreatedOnToolsVersion = 12.3;
					};
					37512AA2270D911E002AC6BC = {
						CreatedOnToolsVersion = 12.3;
						TestTargetID = 37512A8C270D9112002AC6BC;
					};
					37512AAD270D911E002AC6BC = {
						CreatedOnToolsVersion = 12.3;
						TestTargetID = 37512A8C270D9112002AC6BC;
					};
				};
			};
			buildConfigurationList = 37512A88270D9112002AC6BC /* Build configuration list for PBXProject "Calkulator PSPT" */;
			compatibilityVersion = "Xcode 9.3";
			developmentRegion = en;
			hasScannedForEncodings = 0;
			knownRegions = (
				en,
				Base,
			);
			mainGroup = 37512A84270D9112002AC6BC;
			productRefGroup = 37512A8E270D9112002AC6BC /* Products */;
			projectDirPath = "";
			projectRoot = "";
			targets = (
				37512A8C270D9112002AC6BC /* Calkulator PSPT */,
				37512AA2270D911E002AC6BC /* Calkulator PSPTTests */,
				37512AAD270D911E002AC6BC /* Calkulator PSPTUITests */,
			);
		};
/* End PBXProject section */

/* Begin PBXResourcesBuildPhase section */
		37512A8B270D9112002AC6BC /* Resources */ = {
			isa = PBXResourcesBuildPhase;
			buildActionMask = 2147483647;
			files = (
				37512A9D270D911E002AC6BC /* LaunchScreen.storyboard in Resources */,
				37512A9A270D911E002AC6BC /* Assets.xcassets in Resources */,
				37512A98270D9112002AC6BC /* Main.storyboard in Resources */,
			);
			runOnlyForDeploymentPostprocessing = 0;
		};
		37512AA1270D911E002AC6BC /* Resources */ = {
			isa = PBXResourcesBuildPhase;
			buildActionMask = 2147483647;
			files = (
			);
			runOnlyForDeploymentPostprocessing = 0;
		};
		37512AAC270D911E002AC6BC /* Resources */ = {
			isa = PBXResourcesBuildPhase;
			buildActionMask = 2147483647;
			files = (
			);
			runOnlyForDeploymentPostprocessing = 0;
		};
/* End PBXResourcesBuildPhase section */

/* Begin PBXSourcesBuildPhase section */
		37512A89270D9112002AC6BC /* Sources */ = {
			isa = PBXSourcesBuildPhase;
			buildActionMask = 2147483647;
			files = (
				37512A95270D9112002AC6BC /* ViewController.swift in Sources */,
				37512A91270D9112002AC6BC /* AppDelegate.swift in Sources */,
				37512A93270D9112002AC6BC /* SceneDelegate.swift in Sources */,
			);
			runOnlyForDeploymentPostprocessing = 0;
		};
		37512A9F270D911E002AC6BC /* Sources */ = {
			isa = PBXSourcesBuildPhase;
			buildActionMask = 2147483647;
			files = (
				37512AA8270D911E002AC6BC /* Calkulator_PSPTTests.swift in Sources */,
			);
			runOnlyForDeploymentPostprocessing = 0;
		};
		37512AAA270D911E002AC6BC /* Sources */ = {
			isa = PBXSourcesBuildPhase;
			buildActionMask = 2147483647;
			files = (
				37512AB3270D911E002AC6BC /* Calkulator_PSPTUITests.swift in Sources */,
			);
			runOnlyForDeploymentPostprocessing = 0;
		};
/* End PBXSourcesBuildPhase section */

/* Begin PBXTargetDependency section */
		37512AA5270D911E002AC6BC /* PBXTargetDependency */ = {
			isa = PBXTargetDependency;
			target = 37512A8C270D9112002AC6BC /* Calkulator PSPT */;
			targetProxy = 37512AA4270D911E002AC6BC /* PBXContainerItemProxy */;
		};
		37512AB0270D911E002AC6BC /* PBXTargetDependency */ = {
			isa = PBXTargetDependency;
			target = 37512A8C270D9112002AC6BC /* Calkulator PSPT */;
			targetProxy = 37512AAF270D911E002AC6BC /* PBXContainerItemProxy */;
		};
/* End PBXTargetDependency section */

/* Begin PBXVariantGroup section */
		37512A96270D9112002AC6BC /* Main.storyboard */ = {
			isa = PBXVariantGroup;
			children = (
				37512A97270D9112002AC6BC /* Base */,
			);
			name = Main.storyboard;
			sourceTree = "<group>";
		};
		37512A9B270D911E002AC6BC /* LaunchScreen.storyboard */ = {
			isa = PBXVariantGroup;
			children = (
				37512A9C270D911E002AC6BC /* Base */,
			);
			name = LaunchScreen.storyboard;
			sourceTree = "<group>";
		};
/* End PBXVariantGroup section */

/* Begin XCBuildConfiguration section */
		37512AB5270D911E002AC6BC /* Debug */ = {
			isa = XCBuildConfiguration;
			buildSettings = {
				ALWAYS_SEARCH_USER_PATHS = NO;
				CLANG_ANALYZER_NONNULL = YES;
				CLANG_ANALYZER_NUMBER_OBJECT_CONVERSION = YES_AGGRESSIVE;
				CLANG_CXX_LANGUAGE_STANDARD = "gnu++14";
				CLANG_CXX_LIBRARY = "libc++";
				CLANG_ENABLE_MODULES = YES;
				CLANG_ENABLE_OBJC_ARC = YES;
				CLANG_ENABLE_OBJC_WEAK = YES;
				CLANG_WARN_BLOCK_CAPTURE_AUTORELEASING = YES;
				CLANG_WARN_BOOL_CONVERSION = YES;
				CLANG_WARN_COMMA = YES;
				CLANG_WARN_CONSTANT_CONVERSION = YES;
				CLANG_WARN_DEPRECATED_OBJC_IMPLEMENTATIONS = YES;
				CLANG_WARN_DIRECT_OBJC_ISA_USAGE = YES_ERROR;
				CLANG_WARN_DOCUMENTATION_COMMENTS = YES;
				CLANG_WARN_EMPTY_BODY = YES;
				CLANG_WARN_ENUM_CONVERSION = YES;
				CLANG_WARN_INFINITE_RECURSION = YES;
				CLANG_WARN_INT_CONVERSION = YES;
				CLANG_WARN_NON_LITERAL_NULL_CONVERSION = YES;
				CLANG_WARN_OBJC_IMPLICIT_RETAIN_SELF = YES;
				CLANG_WARN_OBJC_LITERAL_CONVERSION = YES;
				CLANG_WARN_OBJC_ROOT_CLASS = YES_ERROR;
				CLANG_WARN_QUOTED_INCLUDE_IN_FRAMEWORK_HEADER = YES;
				CLANG_WARN_RANGE_LOOP_ANALYSIS = YES;
				CLANG_WARN_STRICT_PROTOTYPES = YES;
				CLANG_WARN_SUSPICIOUS_MOVE = YES;
				CLANG_WARN_UNGUARDED_AVAILABILITY = YES_AGGRESSIVE;
				CLANG_WARN_UNREACHABLE_CODE = YES;
				CLANG_WARN__DUPLICATE_METHOD_MATCH = YES;
				COPY_PHASE_STRIP = NO;
				DEBUG_INFORMATION_FORMAT = dwarf;
				ENABLE_STRICT_OBJC_MSGSEND = YES;
				ENABLE_TESTABILITY = YES;
				GCC_C_LANGUAGE_STANDARD = gnu11;
				GCC_DYNAMIC_NO_PIC = NO;
				GCC_NO_COMMON_BLOCKS = YES;
				GCC_OPTIMIZATION_LEVEL = 0;
				GCC_PREPROCESSOR_DEFINITIONS = (
					"DEBUG=1",
					"$(inherited)",
				);
				GCC_WARN_64_TO_32_BIT_CONVERSION = YES;
				GCC_WARN_ABOUT_RETURN_TYPE = YES_ERROR;
				GCC_WARN_UNDECLARED_SELECTOR = YES;
				GCC_WARN_UNINITIALIZED_AUTOS = YES_AGGRESSIVE;
				GCC_WARN_UNUSED_FUNCTION = YES;
				GCC_WARN_UNUSED_VARIABLE = YES;
				IPHONEOS_DEPLOYMENT_TARGET = 14.3;
				MTL_ENABLE_DEBUG_INFO = INCLUDE_SOURCE;
				MTL_FAST_MATH = YES;
				ONLY_ACTIVE_ARCH = YES;
				SDKROOT = iphoneos;
				SWIFT_ACTIVE_COMPILATION_CONDITIONS = DEBUG;
				SWIFT_OPTIMIZATION_LEVEL = "-Onone";
			};
			name = Debug;
		};
		37512AB6270D911E002AC6BC /* Release */ = {
			isa = XCBuildConfiguration;
			buildSettings = {
				ALWAYS_SEARCH_USER_PATHS = NO;
				CLANG_ANALYZER_NONNULL = YES;
				CLANG_ANALYZER_NUMBER_OBJECT_CONVERSION = YES_AGGRESSIVE;
				CLANG_CXX_LANGUAGE_STANDARD = "gnu++14";
				CLANG_CXX_LIBRARY = "libc++";
				CLANG_ENABLE_MODULES = YES;
				CLANG_ENABLE_OBJC_ARC = YES;
				CLANG_ENABLE_OBJC_WEAK = YES;
				CLANG_WARN_BLOCK_CAPTURE_AUTORELEASING = YES;
				CLANG_WARN_BOOL_CONVERSION = YES;
				CLANG_WARN_COMMA = YES;
				CLANG_WARN_CONSTANT_CONVERSION = YES;
				CLANG_WARN_DEPRECATED_OBJC_IMPLEMENTATIONS = YES;
				CLANG_WARN_DIRECT_OBJC_ISA_USAGE = YES_ERROR;
				CLANG_WARN_DOCUMENTATION_COMMENTS = YES;
				CLANG_WARN_EMPTY_BODY = YES;
				CLANG_WARN_ENUM_CONVERSION = YES;
				CLANG_WARN_INFINITE_RECURSION = YES;
				CLANG_WARN_INT_CONVERSION = YES;
				CLANG_WARN_NON_LITERAL_NULL_CONVERSION = YES;
				CLANG_WARN_OBJC_IMPLICIT_RETAIN_SELF = YES;
				CLANG_WARN_OBJC_LITERAL_CONVERSION = YES;
				CLANG_WARN_OBJC_ROOT_CLASS = YES_ERROR;
				CLANG_WARN_QUOTED_INCLUDE_IN_FRAMEWORK_HEADER = YES;
				CLANG_WARN_RANGE_LOOP_ANALYSIS = YES;
				CLANG_WARN_STRICT_PROTOTYPES = YES;
				CLANG_WARN_SUSPICIOUS_MOVE = YES;
				CLANG_WARN_UNGUARDED_AVAILABILITY = YES_AGGRESSIVE;
				CLANG_WARN_UNREACHABLE_CODE = YES;
				CLANG_WARN__DUPLICATE_METHOD_MATCH = YES;
				COPY_PHASE_STRIP = NO;
				DEBUG_INFORMATION_FORMAT = "dwarf-with-dsym";
				ENABLE_NS_ASSERTIONS = NO;
				ENABLE_STRICT_OBJC_MSGSEND = YES;
				GCC_C_LANGUAGE_STANDARD = gnu11;
				GCC_NO_COMMON_BLOCKS = YES;
				GCC_WARN_64_TO_32_BIT_CONVERSION = YES;
				GCC_WARN_ABOUT_RETURN_TYPE = YES_ERROR;
				GCC_WARN_UNDECLARED_SELECTOR = YES;
				GCC_WARN_UNINITIALIZED_AUTOS = YES_AGGRESSIVE;
				GCC_WARN_UNUSED_FUNCTION = YES;
				GCC_WARN_UNUSED_VARIABLE = YES;
				IPHONEOS_DEPLOYMENT_TARGET = 14.3;
				MTL_ENABLE_DEBUG_INFO = NO;
				MTL_FAST_MATH = YES;
				SDKROOT = iphoneos;
				SWIFT_COMPILATION_MODE = wholemodule;
				SWIFT_OPTIMIZATION_LEVEL = "-O";
				VALIDATE_PRODUCT = YES;
			};
			name = Release;
		};
		37512AB8270D911E002AC6BC /* Debug */ = {
			isa = XCBuildConfiguration;
			buildSettings = {
				ASSETCATALOG_COMPILER_APPICON_NAME = AppIcon;
				ASSETCATALOG_COMPILER_GLOBAL_ACCENT_COLOR_NAME = AccentColor;
				CODE_SIGN_STYLE = Automatic;
				INFOPLIST_FILE = "Calkulator PSPT/Info.plist";
				LD_RUNPATH_SEARCH_PATHS = (
					"$(inherited)",
					"@executable_path/Frameworks",
				);
				PRODUCT_BUNDLE_IDENTIFIER = "shinProject.Calkulator-PSPT";
				PRODUCT_NAME = "$(TARGET_NAME)";
				SWIFT_VERSION = 5.0;
				TARGETED_DEVICE_FAMILY = "1,2";
			};
			name = Debug;
		};
		37512AB9270D911E002AC6BC /* Release */ = {
			isa = XCBuildConfiguration;
			buildSettings = {
				ASSETCATALOG_COMPILER_APPICON_NAME = AppIcon;
				ASSETCATALOG_COMPILER_GLOBAL_ACCENT_COLOR_NAME = AccentColor;
				CODE_SIGN_STYLE = Automatic;
				INFOPLIST_FILE = "Calkulator PSPT/Info.plist";
				LD_RUNPATH_SEARCH_PATHS = (
					"$(inherited)",
					"@executable_path/Frameworks",
				);
				PRODUCT_BUNDLE_IDENTIFIER = "shinProject.Calkulator-PSPT";
				PRODUCT_NAME = "$(TARGET_NAME)";
				SWIFT_VERSION = 5.0;
				TARGETED_DEVICE_FAMILY = "1,2";
			};
			name = Release;
		};
		37512ABB270D911E002AC6BC /* Debug */ = {
			isa = XCBuildConfiguration;
			buildSettings = {
				ALWAYS_EMBED_SWIFT_STANDARD_LIBRARIES = YES;
				BUNDLE_LOADER = "$(TEST_HOST)";
				CODE_SIGN_STYLE = Automatic;
				INFOPLIST_FILE = "Calkulator PSPTTests/Info.plist";
				IPHONEOS_DEPLOYMENT_TARGET = 14.3;
				LD_RUNPATH_SEARCH_PATHS = (
					"$(inherited)",
					"@executable_path/Frameworks",
					"@loader_path/Frameworks",
				);
				PRODUCT_BUNDLE_IDENTIFIER = "shinProject.Calkulator-PSPTTests";
				PRODUCT_NAME = "$(TARGET_NAME)";
				SWIFT_VERSION = 5.0;
				TARGETED_DEVICE_FAMILY = "1,2";
				TEST_HOST = "$(BUILT_PRODUCTS_DIR)/Calkulator PSPT.app/Calkulator PSPT";
			};
			name = Debug;
		};
		37512ABC270D911E002AC6BC /* Release */ = {
			isa = XCBuildConfiguration;
			buildSettings = {
				ALWAYS_EMBED_SWIFT_STANDARD_LIBRARIES = YES;
				BUNDLE_LOADER = "$(TEST_HOST)";
				CODE_SIGN_STYLE = Automatic;
				INFOPLIST_FILE = "Calkulator PSPTTests/Info.plist";
				IPHONEOS_DEPLOYMENT_TARGET = 14.3;
				LD_RUNPATH_SEARCH_PATHS = (
					"$(inherited)",
					"@executable_path/Frameworks",
					"@loader_path/Frameworks",
				);
				PRODUCT_BUNDLE_IDENTIFIER = "shinProject.Calkulator-PSPTTests";
				PRODUCT_NAME = "$(TARGET_NAME)";
				SWIFT_VERSION = 5.0;
				TARGETED_DEVICE_FAMILY = "1,2";
				TEST_HOST = "$(BUILT_PRODUCTS_DIR)/Calkulator PSPT.app/Calkulator PSPT";
			};
			name = Release;
		};
		37512ABE270D911E002AC6BC /* Debug */ = {
			isa = XCBuildConfiguration;
			buildSettings = {
				ALWAYS_EMBED_SWIFT_STANDARD_LIBRARIES = YES;
				CODE_SIGN_STYLE = Automatic;
				INFOPLIST_FILE = "Calkulator PSPTUITests/Info.plist";
				LD_RUNPATH_SEARCH_PATHS = (
					"$(inherited)",
					"@executable_path/Frameworks",
					"@loader_path/Frameworks",
				);
				PRODUCT_BUNDLE_IDENTIFIER = "shinProject.Calkulator-PSPTUITests";
				PRODUCT_NAME = "$(TARGET_NAME)";
				SWIFT_VERSION = 5.0;
				TARGETED_DEVICE_FAMILY = "1,2";
				TEST_TARGET_NAME = "Calkulator PSPT";
			};
			name = Debug;
		};
		37512ABF270D911E002AC6BC /* Release */ = {
			isa = XCBuildConfiguration;
			buildSettings = {
				ALWAYS_EMBED_SWIFT_STANDARD_LIBRARIES = YES;
				CODE_SIGN_STYLE = Automatic;
				INFOPLIST_FILE = "Calkulator PSPTUITests/Info.plist";
				LD_RUNPATH_SEARCH_PATHS = (
					"$(inherited)",
					"@executable_path/Frameworks",
					"@loader_path/Frameworks",
				);
				PRODUCT_BUNDLE_IDENTIFIER = "shinProject.Calkulator-PSPTUITests";
				PRODUCT_NAME = "$(TARGET_NAME)";
				SWIFT_VERSION = 5.0;
				TARGETED_DEVICE_FAMILY = "1,2";
				TEST_TARGET_NAME = "Calkulator PSPT";
			};
			name = Release;
		};
/* End XCBuildConfiguration section */

/* Begin XCConfigurationList section */
		37512A88270D9112002AC6BC /* Build configuration list for PBXProject "Calkulator PSPT" */ = {
			isa = XCConfigurationList;
			buildConfigurations = (
				37512AB5270D911E002AC6BC /* Debug */,
				37512AB6270D911E002AC6BC /* Release */,
			);
			defaultConfigurationIsVisible = 0;
			defaultConfigurationName = Release;
		};
		37512AB7270D911E002AC6BC /* Build configuration list for PBXNativeTarget "Calkulator PSPT" */ = {
			isa = XCConfigurationList;
			buildConfigurations = (
				37512AB8270D911E002AC6BC /* Debug */,
				37512AB9270D911E002AC6BC /* Release */,
			);
			defaultConfigurationIsVisible = 0;
			defaultConfigurationName = Release;
		};
		37512ABA270D911E002AC6BC /* Build configuration list for PBXNativeTarget "Calkulator PSPTTests" */ = {
			isa = XCConfigurationList;
			buildConfigurations = (
				37512ABB270D911E002AC6BC /* Debug */,
				37512ABC270D911E002AC6BC /* Release */,
			);
			defaultConfigurationIsVisible = 0;
			defaultConfigurationName = Release;
		};
		37512ABD270D911E002AC6BC /* Build configuration list for PBXNativeTarget "Calkulator PSPTUITests" */ = {
			isa = XCConfigurationList;
			buildConfigurations = (
				37512ABE270D911E002AC6BC /* Debug */,
				37512ABF270D911E002AC6BC /* Release */,
			);
			defaultConfigurationIsVisible = 0;
			defaultConfigurationName = Release;
		};
/* End XCConfigurationList section */
	};
	rootObject = 37512A85270D9112002AC6BC /* Project object */;
}
